
Microsoft Visual Studio Solution File, Format Version 12.00
# Visual Studio Version 17
VisualStudioVersion = 17.4.33110.190
MinimumVisualStudioVersion = 10.0.40219.1
Project("{9A19103F-16F7-4668-BE54-9A1E7A4F7556}") = "DmBuddyMvc", "DmBuddyMvc\DmBuddyMvc.csproj", "{F487E4E0-6729-4DED-8ACB-D5502394DF27}"
	ProjectSection(ProjectDependencies) = postProject
		{7947E495-47D6-45B2-A7A7-CF276F37A8D0} = {7947E495-47D6-45B2-A7A7-CF276F37A8D0}
	EndProjectSection
EndProject
Project("{9A19103F-16F7-4668-BE54-9A1E7A4F7556}") = "DmBuddyDatabase", "DmBuddyDatabase\DmBuddyDatabase.csproj", "{7947E495-47D6-45B2-A7A7-CF276F37A8D0}"
EndProject
Global
	GlobalSection(SolutionConfigurationPlatforms) = preSolution
		Debug|Any CPU = Debug|Any CPU
		Release|Any CPU = Release|Any CPU
	EndGlobalSection
	GlobalSection(ProjectConfigurationPlatforms) = postSolution
		{F487E4E0-6729-4DED-8ACB-D5502394DF27}.Debug|Any CPU.ActiveCfg = Debug|Any CPU
		{F487E4E0-6729-4DED-8ACB-D5502394DF27}.Debug|Any CPU.Build.0 = Debug|Any CPU
		{F487E4E0-6729-4DED-8ACB-D5502394DF27}.Release|Any CPU.ActiveCfg = Release|Any CPU
		{F487E4E0-6729-4DED-8ACB-D5502394DF27}.Release|Any CPU.Build.0 = Release|Any CPU
		{7947E495-47D6-45B2-A7A7-CF276F37A8D0}.Debug|Any CPU.ActiveCfg = Debug|Any CPU
		{7947E495-47D6-45B2-A7A7-CF276F37A8D0}.Debug|Any CPU.Build.0 = Debug|Any CPU
		{7947E495-47D6-45B2-A7A7-CF276F37A8D0}.Release|Any CPU.ActiveCfg = Release|Any CPU
		{7947E495-47D6-45B2-A7A7-CF276F37A8D0}.Release|Any CPU.Build.0 = Release|Any CPU
	EndGlobalSection
	GlobalSection(SolutionProperties) = preSolution
		HideSolutionNode = FALSE
	EndGlobalSection
	GlobalSection(ExtensibilityGlobals) = postSolution
		SolutionGuid = {116D48F3-2A47-48CA-8020-80F32570C021}
	EndGlobalSection
EndGlobal
